
Microsoft Visual Studio Solution File, Format Version 12.00
# Visual Studio Version 16
VisualStudioVersion = 16.0.30128.74
MinimumVisualStudioVersion = 10.0.40219.1
Project("{FAE04EC0-301F-11D3-BF4B-00C04F79EFBC}") = "QueuingSystem_1", "QueuingSystem_1.csproj", "{42200938-CF7C-4965-AA71-5B980FC6E3FF}"
EndProject
Global
	GlobalSection(SolutionConfigurationPlatforms) = preSolution
		Debug|Any CPU = Debug|Any CPU
		Release|Any CPU = Release|Any CPU
	EndGlobalSection
	GlobalSection(ProjectConfigurationPlatforms) = postSolution
		{42200938-CF7C-4965-AA71-5B980FC6E3FF}.Debug|Any CPU.ActiveCfg = Debug|Any CPU
		{42200938-CF7C-4965-AA71-5B980FC6E3FF}.Debug|Any CPU.Build.0 = Debug|Any CPU
		{42200938-CF7C-4965-AA71-5B980FC6E3FF}.Release|Any CPU.ActiveCfg = Release|Any CPU
		{42200938-CF7C-4965-AA71-5B980FC6E3FF}.Release|Any CPU.Build.0 = Release|Any CPU
	EndGlobalSection
	GlobalSection(SolutionProperties) = preSolution
		HideSolutionNode = FALSE
	EndGlobalSection
	GlobalSection(ExtensibilityGlobals) = postSolution
		SolutionGuid = {2C54611D-302C-4CA9-9796-902625BC15E8}
	EndGlobalSection
EndGlobal
